{
    "_readme": [
        "This file locks the dependencies of your project to a known state",
        "Read more about it at https://getcomposer.org/doc/01-basic-usage.md#installing-dependencies",
        "This file is @generated automatically"
    ],
    "content-hash": "f55ad1934cea71e3a385f9dd21407312",
    "packages": [
        {
            "name": "johnathanmiller/secure-env-php",
            "version": "v2.0.1",
            "source": {
                "type": "git",
                "url": "https://github.com/johnathanmiller/secure-env-php.git",
                "reference": "59d09ca7093476e6f02a2be9d0d21dbdd384b1c5"
            },
            "dist": {
                "type": "zip",
                "url": "https://api.github.com/repos/johnathanmiller/secure-env-php/zipball/59d09ca7093476e6f02a2be9d0d21dbdd384b1c5",
                "reference": "59d09ca7093476e6f02a2be9d0d21dbdd384b1c5",
                "shasum": ""
            },
            "require": {
                "php": ">=7.1"
            },
            "require-dev": {
                "phpunit/phpunit": "^7.5"
            },
            "bin": [
                "bin/encrypt-env"
            ],
            "type": "library",
            "autoload": {
                "psr-4": {
                    "SecureEnvPHP\\": "src/"
                }
            },
            "notification-url": "https://packagist.org/downloads/",
            "license": [
                "MIT"
            ],
            "authors": [
                {
                    "name": "Johnathan Miller",
                    "email": "hello@johnathanmiller.com",
                    "homepage": "https://johnathanmiller.com"
                }
            ],
            "description": "Encrypt environment files for production use.",
            "keywords": [
                "dotenv",
                "encryption",
                "env",
                "environment",
                "environment-variables",
                "environment-vars",
                "secure-env"
            ],
            "support": {
                "issues": "https://github.com/johnathanmiller/secure-env-php/issues",
                "source": "https://github.com/johnathanmiller/secure-env-php/tree/master"
            },
            "time": "2019-01-07T06:56:58+00:00"
        }
    ],
    "packages-dev": [],
    "aliases": [],
    "minimum-stability": "stable",
    "stability-flags": {},
    "prefer-stable": false,
    "prefer-lowest": false,
    "platform": {
        "php": ">=7.1"
    },
    "platform-dev": {},
    "plugin-api-version": "2.9.0"
}
